
Microsoft Visual Studio Solution File, Format Version 12.00
# Visual Studio Version 17
VisualStudioVersion = 17.4.33205.214
MinimumVisualStudioVersion = 10.0.40219.1
Project("{888888A0-9F3D-457C-B088-3A5042F75D52}") = "generate", "generate\generate.pyproj", "{ED5CBAB5-5F3F-4B01-B0B2-47CB131626CD}"
EndProject
Global
	GlobalSection(SolutionConfigurationPlatforms) = preSolution
		Debug|Any CPU = Debug|Any CPU
		Release|Any CPU = Release|Any CPU
	EndGlobalSection
	GlobalSection(ProjectConfigurationPlatforms) = postSolution
		{ED5CBAB5-5F3F-4B01-B0B2-47CB131626CD}.Debug|Any CPU.ActiveCfg = Debug|Any CPU
		{ED5CBAB5-5F3F-4B01-B0B2-47CB131626CD}.Release|Any CPU.ActiveCfg = Release|Any CPU
	EndGlobalSection
	GlobalSection(SolutionProperties) = preSolution
		HideSolutionNode = FALSE
	EndGlobalSection
	GlobalSection(ExtensibilityGlobals) = postSolution
		SolutionGuid = {F9E9ECDF-649D-4BB8-A549-4C64F1881C4D}
	EndGlobalSection
EndGlobal
